// !$*UTF8*$!
{
	archiveVersion = 1;
	classes = {
	};
	objectVersion = 56;
	objects = {

/* Begin PBXBuildFile section */
		2092AD222AF0668B009C3B02 /* AppDelegate.swift in Sources */ = {isa = PBXBuildFile; fileRef = 2092AD212AF0668B009C3B02 /* AppDelegate.swift */; };
		2092AD242AF0668B009C3B02 /* SceneDelegate.swift in Sources */ = {isa = PBXBuildFile; fileRef = 2092AD232AF0668B009C3B02 /* SceneDelegate.swift */; };
		2092AD262AF0668B009C3B02 /* DogsViewController.swift in Sources */ = {isa = PBXBuildFile; fileRef = 2092AD252AF0668B009C3B02 /* DogsViewController.swift */; };
		2092AD2B2AF0668C009C3B02 /* Assets.xcassets in Resources */ = {isa = PBXBuildFile; fileRef = 2092AD2A2AF0668C009C3B02 /* Assets.xcassets */; };
		2092AD2E2AF0668C009C3B02 /* LaunchScreen.storyboard in Resources */ = {isa = PBXBuildFile; fileRef = 2092AD2C2AF0668C009C3B02 /* LaunchScreen.storyboard */; };
		2092AD3C2AF06C6D009C3B02 /* Endpoint.swift in Sources */ = {isa = PBXBuildFile; fileRef = 2092AD3B2AF06C6D009C3B02 /* Endpoint.swift */; };
		2092AD3F2AF06CE7009C3B02 /* Constants.swift in Sources */ = {isa = PBXBuildFile; fileRef = 2092AD3E2AF06CE7009C3B02 /* Constants.swift */; };
		2092AD412AF06F5B009C3B02 /* HttpResponseStatus.swift in Sources */ = {isa = PBXBuildFile; fileRef = 2092AD402AF06F5B009C3B02 /* HttpResponseStatus.swift */; };
		2092AD442AF07046009C3B02 /* String+Extension.swift in Sources */ = {isa = PBXBuildFile; fileRef = 2092AD432AF07046009C3B02 /* String+Extension.swift */; };
		2092AD462AF070A6009C3B02 /* APIError.swift in Sources */ = {isa = PBXBuildFile; fileRef = 2092AD452AF070A6009C3B02 /* APIError.swift */; };
		2092AD492AF072A8009C3B02 /* APIClient.swift in Sources */ = {isa = PBXBuildFile; fileRef = 2092AD482AF072A8009C3B02 /* APIClient.swift */; };
		2092AD542AF0810F009C3B02 /* DogDTO.swift in Sources */ = {isa = PBXBuildFile; fileRef = 2092AD532AF0810F009C3B02 /* DogDTO.swift */; };
		2092AD582AF08155009C3B02 /* DogModels.swift in Sources */ = {isa = PBXBuildFile; fileRef = 2092AD572AF08155009C3B02 /* DogModels.swift */; };
		2092AD5A2AF08204009C3B02 /* DogDTO+Mapper.swift in Sources */ = {isa = PBXBuildFile; fileRef = 2092AD592AF08204009C3B02 /* DogDTO+Mapper.swift */; };
		2092AD5D2AF086AD009C3B02 /* DogsDataSourceRemote.swift in Sources */ = {isa = PBXBuildFile; fileRef = 2092AD5C2AF086AD009C3B02 /* DogsDataSourceRemote.swift */; };
		2092AD5F2AF087A1009C3B02 /* DogsEndPoint.swift in Sources */ = {isa = PBXBuildFile; fileRef = 2092AD5E2AF087A1009C3B02 /* DogsEndPoint.swift */; };
		2092AD612AF08ABC009C3B02 /* DogsRepository.swift in Sources */ = {isa = PBXBuildFile; fileRef = 2092AD602AF08ABC009C3B02 /* DogsRepository.swift */; };
		2092AD632AF08EAF009C3B02 /* GetDogsUseCase.swift in Sources */ = {isa = PBXBuildFile; fileRef = 2092AD622AF08EAF009C3B02 /* GetDogsUseCase.swift */; };
		2092AD662AF0C32D009C3B02 /* DogsUseCaseProvider.swift in Sources */ = {isa = PBXBuildFile; fileRef = 2092AD652AF0C32D009C3B02 /* DogsUseCaseProvider.swift */; };
		2092AD702AF15255009C3B02 /* DogsViewModel.swift in Sources */ = {isa = PBXBuildFile; fileRef = 2092AD6F2AF15255009C3B02 /* DogsViewModel.swift */; };
		2092AD722AF180CC009C3B02 /* Injectors.swift in Sources */ = {isa = PBXBuildFile; fileRef = 2092AD712AF180CC009C3B02 /* Injectors.swift */; };
		2092AD772AF1A055009C3B02 /* UIColor+Extension.swift in Sources */ = {isa = PBXBuildFile; fileRef = 2092AD762AF1A055009C3B02 /* UIColor+Extension.swift */; };
		2092AD7A2AF1AA65009C3B02 /* ItemDogViewModel.swift in Sources */ = {isa = PBXBuildFile; fileRef = 2092AD792AF1AA64009C3B02 /* ItemDogViewModel.swift */; };
/* End PBXBuildFile section */

/* Begin PBXFileReference section */
		2092AD1E2AF0668B009C3B02 /* Dogos.app */ = {isa = PBXFileReference; explicitFileType = wrapper.application; includeInIndex = 0; path = Dogos.app; sourceTree = BUILT_PRODUCTS_DIR; };
		2092AD212AF0668B009C3B02 /* AppDelegate.swift */ = {isa = PBXFileReference; lastKnownFileType = sourcecode.swift; path = AppDelegate.swift; sourceTree = "<group>"; };
		2092AD232AF0668B009C3B02 /* SceneDelegate.swift */ = {isa = PBXFileReference; lastKnownFileType = sourcecode.swift; path = SceneDelegate.swift; sourceTree = "<group>"; };
		2092AD252AF0668B009C3B02 /* DogsViewController.swift */ = {isa = PBXFileReference; lastKnownFileType = sourcecode.swift; path = DogsViewController.swift; sourceTree = "<group>"; };
		2092AD2A2AF0668C009C3B02 /* Assets.xcassets */ = {isa = PBXFileReference; lastKnownFileType = folder.assetcatalog; path = Assets.xcassets; sourceTree = "<group>"; };
		2092AD2D2AF0668C009C3B02 /* Base */ = {isa = PBXFileReference; lastKnownFileType = file.storyboard; name = Base; path = Base.lproj/LaunchScreen.storyboard; sourceTree = "<group>"; };
		2092AD2F2AF0668C009C3B02 /* Info.plist */ = {isa = PBXFileReference; lastKnownFileType = text.plist.xml; path = Info.plist; sourceTree = "<group>"; };
		2092AD3B2AF06C6D009C3B02 /* Endpoint.swift */ = {isa = PBXFileReference; lastKnownFileType = sourcecode.swift; path = Endpoint.swift; sourceTree = "<group>"; };
		2092AD3E2AF06CE7009C3B02 /* Constants.swift */ = {isa = PBXFileReference; lastKnownFileType = sourcecode.swift; path = Constants.swift; sourceTree = "<group>"; };
		2092AD402AF06F5B009C3B02 /* HttpResponseStatus.swift */ = {isa = PBXFileReference; lastKnownFileType = sourcecode.swift; path = HttpResponseStatus.swift; sourceTree = "<group>"; };
		2092AD432AF07046009C3B02 /* String+Extension.swift */ = {isa = PBXFileReference; lastKnownFileType = sourcecode.swift; path = "String+Extension.swift"; sourceTree = "<group>"; };
		2092AD452AF070A6009C3B02 /* APIError.swift */ = {isa = PBXFileReference; lastKnownFileType = sourcecode.swift; path = APIError.swift; sourceTree = "<group>"; };
		2092AD482AF072A8009C3B02 /* APIClient.swift */ = {isa = PBXFileReference; lastKnownFileType = sourcecode.swift; path = APIClient.swift; sourceTree = "<group>"; };
		2092AD532AF0810F009C3B02 /* DogDTO.swift */ = {isa = PBXFileReference; lastKnownFileType = sourcecode.swift; path = DogDTO.swift; sourceTree = "<group>"; };
		2092AD572AF08155009C3B02 /* DogModels.swift */ = {isa = PBXFileReference; lastKnownFileType = sourcecode.swift; path = DogModels.swift; sourceTree = "<group>"; };
		2092AD592AF08204009C3B02 /* DogDTO+Mapper.swift */ = {isa = PBXFileReference; lastKnownFileType = sourcecode.swift; path = "DogDTO+Mapper.swift"; sourceTree = "<group>"; };
		2092AD5C2AF086AD009C3B02 /* DogsDataSourceRemote.swift */ = {isa = PBXFileReference; lastKnownFileType = sourcecode.swift; path = DogsDataSourceRemote.swift; sourceTree = "<group>"; };
		2092AD5E2AF087A1009C3B02 /* DogsEndPoint.swift */ = {isa = PBXFileReference; lastKnownFileType = sourcecode.swift; path = DogsEndPoint.swift; sourceTree = "<group>"; };
		2092AD602AF08ABC009C3B02 /* DogsRepository.swift */ = {isa = PBXFileReference; lastKnownFileType = sourcecode.swift; path = DogsRepository.swift; sourceTree = "<group>"; };
		2092AD622AF08EAF009C3B02 /* GetDogsUseCase.swift */ = {isa = PBXFileReference; lastKnownFileType = sourcecode.swift; path = GetDogsUseCase.swift; sourceTree = "<group>"; };
		2092AD652AF0C32D009C3B02 /* DogsUseCaseProvider.swift */ = {isa = PBXFileReference; lastKnownFileType = sourcecode.swift; path = DogsUseCaseProvider.swift; sourceTree = "<group>"; };
		2092AD6F2AF15255009C3B02 /* DogsViewModel.swift */ = {isa = PBXFileReference; lastKnownFileType = sourcecode.swift; path = DogsViewModel.swift; sourceTree = "<group>"; };
		2092AD712AF180CC009C3B02 /* Injectors.swift */ = {isa = PBXFileReference; lastKnownFileType = sourcecode.swift; path = Injectors.swift; sourceTree = "<group>"; };
		2092AD762AF1A055009C3B02 /* UIColor+Extension.swift */ = {isa = PBXFileReference; lastKnownFileType = sourcecode.swift; path = "UIColor+Extension.swift"; sourceTree = "<group>"; };
		2092AD792AF1AA64009C3B02 /* ItemDogViewModel.swift */ = {isa = PBXFileReference; lastKnownFileType = sourcecode.swift; path = ItemDogViewModel.swift; sourceTree = "<group>"; };
/* End PBXFileReference section */

/* Begin PBXFrameworksBuildPhase section */
		2092AD1B2AF0668B009C3B02 /* Frameworks */ = {
			isa = PBXFrameworksBuildPhase;
			buildActionMask = 2147483647;
			files = (
			);
			runOnlyForDeploymentPostprocessing = 0;
		};
/* End PBXFrameworksBuildPhase section */

/* Begin PBXGroup section */
		2092AD152AF0668B009C3B02 = {
			isa = PBXGroup;
			children = (
				2092AD202AF0668B009C3B02 /* Dogos */,
				2092AD1F2AF0668B009C3B02 /* Products */,
			);
			sourceTree = "<group>";
		};
		2092AD1F2AF0668B009C3B02 /* Products */ = {
			isa = PBXGroup;
			children = (
				2092AD1E2AF0668B009C3B02 /* Dogos.app */,
			);
			name = Products;
			sourceTree = "<group>";
		};
		2092AD202AF0668B009C3B02 /* Dogos */ = {
			isa = PBXGroup;
			children = (
				2092AD3D2AF06CDC009C3B02 /* Core */,
				2092AD392AF06A02009C3B02 /* Delegates */,
				2092AD372AF06947009C3B02 /* Resources */,
				2092AD3A2AF06C2C009C3B02 /* Network */,
				2092AD352AF06793009C3B02 /* Modules */,
				2092AD2F2AF0668C009C3B02 /* Info.plist */,
			);
			path = Dogos;
			sourceTree = "<group>";
		};
		2092AD352AF06793009C3B02 /* Modules */ = {
			isa = PBXGroup;
			children = (
				2092AD382AF06960009C3B02 /* LauchScreen */,
				2092AD362AF067A7009C3B02 /* Dogs */,
			);
			path = Modules;
			sourceTree = "<group>";
		};
		2092AD362AF067A7009C3B02 /* Dogs */ = {
			isa = PBXGroup;
			children = (
				2092AD522AF080FF009C3B02 /* Data */,
				2092AD552AF0813E009C3B02 /* Domain */,
				2092AD642AF0905F009C3B02 /* Presentation */,
				2092AD6C2AF13E87009C3B02 /* DI */,
			);
			path = Dogs;
			sourceTree = "<group>";
		};
		2092AD372AF06947009C3B02 /* Resources */ = {
			isa = PBXGroup;
			children = (
				2092AD2A2AF0668C009C3B02 /* Assets.xcassets */,
			);
			path = Resources;
			sourceTree = "<group>";
		};
		2092AD382AF06960009C3B02 /* LauchScreen */ = {
			isa = PBXGroup;
			children = (
				2092AD2C2AF0668C009C3B02 /* LaunchScreen.storyboard */,
			);
			path = LauchScreen;
			sourceTree = "<group>";
		};
		2092AD392AF06A02009C3B02 /* Delegates */ = {
			isa = PBXGroup;
			children = (
				2092AD212AF0668B009C3B02 /* AppDelegate.swift */,
				2092AD232AF0668B009C3B02 /* SceneDelegate.swift */,
			);
			path = Delegates;
			sourceTree = "<group>";
		};
		2092AD3A2AF06C2C009C3B02 /* Network */ = {
			isa = PBXGroup;
			children = (
				2092AD3B2AF06C6D009C3B02 /* Endpoint.swift */,
				2092AD402AF06F5B009C3B02 /* HttpResponseStatus.swift */,
				2092AD452AF070A6009C3B02 /* APIError.swift */,
				2092AD482AF072A8009C3B02 /* APIClient.swift */,
			);
			path = Network;
			sourceTree = "<group>";
		};
		2092AD3D2AF06CDC009C3B02 /* Core */ = {
			isa = PBXGroup;
			children = (
				2092AD3E2AF06CE7009C3B02 /* Constants.swift */,
				2092AD432AF07046009C3B02 /* String+Extension.swift */,
				2092AD762AF1A055009C3B02 /* UIColor+Extension.swift */,
			);
			path = Core;
			sourceTree = "<group>";
		};
		2092AD522AF080FF009C3B02 /* Data */ = {
			isa = PBXGroup;
			children = (
				2092AD5B2AF08693009C3B02 /* Remote */,
				2092AD602AF08ABC009C3B02 /* DogsRepository.swift */,
			);
			path = Data;
			sourceTree = "<group>";
		};
		2092AD552AF0813E009C3B02 /* Domain */ = {
			isa = PBXGroup;
			children = (
				2092AD572AF08155009C3B02 /* DogModels.swift */,
				2092AD622AF08EAF009C3B02 /* GetDogsUseCase.swift */,
				2092AD652AF0C32D009C3B02 /* DogsUseCaseProvider.swift */,
			);
			path = Domain;
			sourceTree = "<group>";
		};
		2092AD5B2AF08693009C3B02 /* Remote */ = {
			isa = PBXGroup;
			children = (
				2092AD5E2AF087A1009C3B02 /* DogsEndPoint.swift */,
				2092AD532AF0810F009C3B02 /* DogDTO.swift */,
				2092AD592AF08204009C3B02 /* DogDTO+Mapper.swift */,
				2092AD5C2AF086AD009C3B02 /* DogsDataSourceRemote.swift */,
			);
			path = Remote;
			sourceTree = "<group>";
		};
		2092AD642AF0905F009C3B02 /* Presentation */ = {
			isa = PBXGroup;
			children = (
				2092AD252AF0668B009C3B02 /* DogsViewController.swift */,
				2092AD6F2AF15255009C3B02 /* DogsViewModel.swift */,
				2092AD792AF1AA64009C3B02 /* ItemDogViewModel.swift */,
			);
			path = Presentation;
			sourceTree = "<group>";
		};
		2092AD6C2AF13E87009C3B02 /* DI */ = {
			isa = PBXGroup;
			children = (
				2092AD712AF180CC009C3B02 /* Injectors.swift */,
			);
			path = DI;
			sourceTree = "<group>";
		};
/* End PBXGroup section */

/* Begin PBXNativeTarget section */
		2092AD1D2AF0668B009C3B02 /* Dogos */ = {
			isa = PBXNativeTarget;
			buildConfigurationList = 2092AD322AF0668C009C3B02 /* Build configuration list for PBXNativeTarget "Dogos" */;
			buildPhases = (
				2092AD1A2AF0668B009C3B02 /* Sources */,
				2092AD1B2AF0668B009C3B02 /* Frameworks */,
				2092AD1C2AF0668B009C3B02 /* Resources */,
			);
			buildRules = (
			);
			dependencies = (
			);
			name = Dogos;
			productName = Dogos;
			productReference = 2092AD1E2AF0668B009C3B02 /* Dogos.app */;
			productType = "com.apple.product-type.application";
		};
/* End PBXNativeTarget section */

/* Begin PBXProject section */
		2092AD162AF0668B009C3B02 /* Project object */ = {
			isa = PBXProject;
			attributes = {
				BuildIndependentTargetsInParallel = 1;
				LastSwiftUpdateCheck = 1500;
				LastUpgradeCheck = 1500;
				TargetAttributes = {
					2092AD1D2AF0668B009C3B02 = {
						CreatedOnToolsVersion = 15.0;
					};
				};
			};
			buildConfigurationList = 2092AD192AF0668B009C3B02 /* Build configuration list for PBXProject "Dogos" */;
			compatibilityVersion = "Xcode 14.0";
			developmentRegion = en;
			hasScannedForEncodings = 0;
			knownRegions = (
				en,
				Base,
			);
			mainGroup = 2092AD152AF0668B009C3B02;
			productRefGroup = 2092AD1F2AF0668B009C3B02 /* Products */;
			projectDirPath = "";
			projectRoot = "";
			targets = (
				2092AD1D2AF0668B009C3B02 /* Dogos */,
			);
		};
/* End PBXProject section */

/* Begin PBXResourcesBuildPhase section */
		2092AD1C2AF0668B009C3B02 /* Resources */ = {
			isa = PBXResourcesBuildPhase;
			buildActionMask = 2147483647;
			files = (
				2092AD2E2AF0668C009C3B02 /* LaunchScreen.storyboard in Resources */,
				2092AD2B2AF0668C009C3B02 /* Assets.xcassets in Resources */,
			);
			runOnlyForDeploymentPostprocessing = 0;
		};
/* End PBXResourcesBuildPhase section */

/* Begin PBXSourcesBuildPhase section */
		2092AD1A2AF0668B009C3B02 /* Sources */ = {
			isa = PBXSourcesBuildPhase;
			buildActionMask = 2147483647;
			files = (
				2092AD3F2AF06CE7009C3B02 /* Constants.swift in Sources */,
				2092AD262AF0668B009C3B02 /* DogsViewController.swift in Sources */,
				2092AD632AF08EAF009C3B02 /* GetDogsUseCase.swift in Sources */,
				2092AD412AF06F5B009C3B02 /* HttpResponseStatus.swift in Sources */,
				2092AD442AF07046009C3B02 /* String+Extension.swift in Sources */,
				2092AD702AF15255009C3B02 /* DogsViewModel.swift in Sources */,
				2092AD222AF0668B009C3B02 /* AppDelegate.swift in Sources */,
				2092AD722AF180CC009C3B02 /* Injectors.swift in Sources */,
				2092AD662AF0C32D009C3B02 /* DogsUseCaseProvider.swift in Sources */,
				2092AD582AF08155009C3B02 /* DogModels.swift in Sources */,
				2092AD612AF08ABC009C3B02 /* DogsRepository.swift in Sources */,
				2092AD5D2AF086AD009C3B02 /* DogsDataSourceRemote.swift in Sources */,
				2092AD7A2AF1AA65009C3B02 /* ItemDogViewModel.swift in Sources */,
				2092AD5F2AF087A1009C3B02 /* DogsEndPoint.swift in Sources */,
				2092AD462AF070A6009C3B02 /* APIError.swift in Sources */,
				2092AD542AF0810F009C3B02 /* DogDTO.swift in Sources */,
				2092AD3C2AF06C6D009C3B02 /* Endpoint.swift in Sources */,
				2092AD242AF0668B009C3B02 /* SceneDelegate.swift in Sources */,
				2092AD492AF072A8009C3B02 /* APIClient.swift in Sources */,
				2092AD5A2AF08204009C3B02 /* DogDTO+Mapper.swift in Sources */,
				2092AD772AF1A055009C3B02 /* UIColor+Extension.swift in Sources */,
			);
			runOnlyForDeploymentPostprocessing = 0;
		};
/* End PBXSourcesBuildPhase section */

/* Begin PBXVariantGroup section */
		2092AD2C2AF0668C009C3B02 /* LaunchScreen.storyboard */ = {
			isa = PBXVariantGroup;
			children = (
				2092AD2D2AF0668C009C3B02 /* Base */,
			);
			name = LaunchScreen.storyboard;
			sourceTree = "<group>";
		};
/* End PBXVariantGroup section */

/* Begin XCBuildConfiguration section */
		2092AD302AF0668C009C3B02 /* Debug */ = {
			isa = XCBuildConfiguration;
			buildSettings = {
				ALWAYS_SEARCH_USER_PATHS = NO;
				ASSETCATALOG_COMPILER_GENERATE_SWIFT_ASSET_SYMBOL_EXTENSIONS = YES;
				CLANG_ANALYZER_NONNULL = YES;
				CLANG_ANALYZER_NUMBER_OBJECT_CONVERSION = YES_AGGRESSIVE;
				CLANG_CXX_LANGUAGE_STANDARD = "gnu++20";
				CLANG_ENABLE_MODULES = YES;
				CLANG_ENABLE_OBJC_ARC = YES;
				CLANG_ENABLE_OBJC_WEAK = YES;
				CLANG_WARN_BLOCK_CAPTURE_AUTORELEASING = YES;
				CLANG_WARN_BOOL_CONVERSION = YES;
				CLANG_WARN_COMMA = YES;
				CLANG_WARN_CONSTANT_CONVERSION = YES;
				CLANG_WARN_DEPRECATED_OBJC_IMPLEMENTATIONS = YES;
				CLANG_WARN_DIRECT_OBJC_ISA_USAGE = YES_ERROR;
				CLANG_WARN_DOCUMENTATION_COMMENTS = YES;
				CLANG_WARN_EMPTY_BODY = YES;
				CLANG_WARN_ENUM_CONVERSION = YES;
				CLANG_WARN_INFINITE_RECURSION = YES;
				CLANG_WARN_INT_CONVERSION = YES;
				CLANG_WARN_NON_LITERAL_NULL_CONVERSION = YES;
				CLANG_WARN_OBJC_IMPLICIT_RETAIN_SELF = YES;
				CLANG_WARN_OBJC_LITERAL_CONVERSION = YES;
				CLANG_WARN_OBJC_ROOT_CLASS = YES_ERROR;
				CLANG_WARN_QUOTED_INCLUDE_IN_FRAMEWORK_HEADER = YES;
				CLANG_WARN_RANGE_LOOP_ANALYSIS = YES;
				CLANG_WARN_STRICT_PROTOTYPES = YES;
				CLANG_WARN_SUSPICIOUS_MOVE = YES;
				CLANG_WARN_UNGUARDED_AVAILABILITY = YES_AGGRESSIVE;
				CLANG_WARN_UNREACHABLE_CODE = YES;
				CLANG_WARN__DUPLICATE_METHOD_MATCH = YES;
				COPY_PHASE_STRIP = NO;
				DEBUG_INFORMATION_FORMAT = dwarf;
				ENABLE_STRICT_OBJC_MSGSEND = YES;
				ENABLE_TESTABILITY = YES;
				ENABLE_USER_SCRIPT_SANDBOXING = YES;
				GCC_C_LANGUAGE_STANDARD = gnu17;
				GCC_DYNAMIC_NO_PIC = NO;
				GCC_NO_COMMON_BLOCKS = YES;
				GCC_OPTIMIZATION_LEVEL = 0;
				GCC_PREPROCESSOR_DEFINITIONS = (
					"DEBUG=1",
					"$(inherited)",
				);
				GCC_WARN_64_TO_32_BIT_CONVERSION = YES;
				GCC_WARN_ABOUT_RETURN_TYPE = YES_ERROR;
				GCC_WARN_UNDECLARED_SELECTOR = YES;
				GCC_WARN_UNINITIALIZED_AUTOS = YES_AGGRESSIVE;
				GCC_WARN_UNUSED_FUNCTION = YES;
				GCC_WARN_UNUSED_VARIABLE = YES;
				IPHONEOS_DEPLOYMENT_TARGET = 17.0;
				LOCALIZATION_PREFERS_STRING_CATALOGS = YES;
				MTL_ENABLE_DEBUG_INFO = INCLUDE_SOURCE;
				MTL_FAST_MATH = YES;
				ONLY_ACTIVE_ARCH = YES;
				SDKROOT = iphoneos;
				SWIFT_ACTIVE_COMPILATION_CONDITIONS = "DEBUG $(inherited)";
				SWIFT_OPTIMIZATION_LEVEL = "-Onone";
			};
			name = Debug;
		};
		2092AD312AF0668C009C3B02 /* Release */ = {
			isa = XCBuildConfiguration;
			buildSettings = {
				ALWAYS_SEARCH_USER_PATHS = NO;
				ASSETCATALOG_COMPILER_GENERATE_SWIFT_ASSET_SYMBOL_EXTENSIONS = YES;
				CLANG_ANALYZER_NONNULL = YES;
				CLANG_ANALYZER_NUMBER_OBJECT_CONVERSION = YES_AGGRESSIVE;
				CLANG_CXX_LANGUAGE_STANDARD = "gnu++20";
				CLANG_ENABLE_MODULES = YES;
				CLANG_ENABLE_OBJC_ARC = YES;
				CLANG_ENABLE_OBJC_WEAK = YES;
				CLANG_WARN_BLOCK_CAPTURE_AUTORELEASING = YES;
				CLANG_WARN_BOOL_CONVERSION = YES;
				CLANG_WARN_COMMA = YES;
				CLANG_WARN_CONSTANT_CONVERSION = YES;
				CLANG_WARN_DEPRECATED_OBJC_IMPLEMENTATIONS = YES;
				CLANG_WARN_DIRECT_OBJC_ISA_USAGE = YES_ERROR;
				CLANG_WARN_DOCUMENTATION_COMMENTS = YES;
				CLANG_WARN_EMPTY_BODY = YES;
				CLANG_WARN_ENUM_CONVERSION = YES;
				CLANG_WARN_INFINITE_RECURSION = YES;
				CLANG_WARN_INT_CONVERSION = YES;
				CLANG_WARN_NON_LITERAL_NULL_CONVERSION = YES;
				CLANG_WARN_OBJC_IMPLICIT_RETAIN_SELF = YES;
				CLANG_WARN_OBJC_LITERAL_CONVERSION = YES;
				CLANG_WARN_OBJC_ROOT_CLASS = YES_ERROR;
				CLANG_WARN_QUOTED_INCLUDE_IN_FRAMEWORK_HEADER = YES;
				CLANG_WARN_RANGE_LOOP_ANALYSIS = YES;
				CLANG_WARN_STRICT_PROTOTYPES = YES;
				CLANG_WARN_SUSPICIOUS_MOVE = YES;
				CLANG_WARN_UNGUARDED_AVAILABILITY = YES_AGGRESSIVE;
				CLANG_WARN_UNREACHABLE_CODE = YES;
				CLANG_WARN__DUPLICATE_METHOD_MATCH = YES;
				COPY_PHASE_STRIP = NO;
				DEBUG_INFORMATION_FORMAT = "dwarf-with-dsym";
				ENABLE_NS_ASSERTIONS = NO;
				ENABLE_STRICT_OBJC_MSGSEND = YES;
				ENABLE_USER_SCRIPT_SANDBOXING = YES;
				GCC_C_LANGUAGE_STANDARD = gnu17;
				GCC_NO_COMMON_BLOCKS = YES;
				GCC_WARN_64_TO_32_BIT_CONVERSION = YES;
				GCC_WARN_ABOUT_RETURN_TYPE = YES_ERROR;
				GCC_WARN_UNDECLARED_SELECTOR = YES;
				GCC_WARN_UNINITIALIZED_AUTOS = YES_AGGRESSIVE;
				GCC_WARN_UNUSED_FUNCTION = YES;
				GCC_WARN_UNUSED_VARIABLE = YES;
				IPHONEOS_DEPLOYMENT_TARGET = 17.0;
				LOCALIZATION_PREFERS_STRING_CATALOGS = YES;
				MTL_ENABLE_DEBUG_INFO = NO;
				MTL_FAST_MATH = YES;
				SDKROOT = iphoneos;
				SWIFT_COMPILATION_MODE = wholemodule;
				VALIDATE_PRODUCT = YES;
			};
			name = Release;
		};
		2092AD332AF0668C009C3B02 /* Debug */ = {
			isa = XCBuildConfiguration;
			buildSettings = {
				ASSETCATALOG_COMPILER_APPICON_NAME = AppIcon;
				ASSETCATALOG_COMPILER_GLOBAL_ACCENT_COLOR_NAME = AccentColor;
				CODE_SIGN_STYLE = Automatic;
				CURRENT_PROJECT_VERSION = 1;
				GENERATE_INFOPLIST_FILE = YES;
				INFOPLIST_FILE = Dogos/Info.plist;
				INFOPLIST_KEY_UIApplicationSupportsIndirectInputEvents = YES;
				INFOPLIST_KEY_UILaunchStoryboardName = LaunchScreen;
				INFOPLIST_KEY_UIMainStoryboardFile = "";
				INFOPLIST_KEY_UISupportedInterfaceOrientations_iPad = "UIInterfaceOrientationPortrait UIInterfaceOrientationPortraitUpsideDown UIInterfaceOrientationLandscapeLeft UIInterfaceOrientationLandscapeRight";
				INFOPLIST_KEY_UISupportedInterfaceOrientations_iPhone = "UIInterfaceOrientationPortrait UIInterfaceOrientationLandscapeLeft UIInterfaceOrientationLandscapeRight";
				IPHONEOS_DEPLOYMENT_TARGET = 15.0;
				LD_RUNPATH_SEARCH_PATHS = (
					"$(inherited)",
					"@executable_path/Frameworks",
				);
				MARKETING_VERSION = 1.0;
				PRODUCT_BUNDLE_IDENTIFIER = parduh.Dogos;
				PRODUCT_NAME = "$(TARGET_NAME)";
				SWIFT_EMIT_LOC_STRINGS = YES;
				SWIFT_VERSION = 5.0;
				TARGETED_DEVICE_FAMILY = "1,2";
			};
			name = Debug;
		};
		2092AD342AF0668C009C3B02 /* Release */ = {
			isa = XCBuildConfiguration;
			buildSettings = {
				ASSETCATALOG_COMPILER_APPICON_NAME = AppIcon;
				ASSETCATALOG_COMPILER_GLOBAL_ACCENT_COLOR_NAME = AccentColor;
				CODE_SIGN_STYLE = Automatic;
				CURRENT_PROJECT_VERSION = 1;
				GENERATE_INFOPLIST_FILE = YES;
				INFOPLIST_FILE = Dogos/Info.plist;
				INFOPLIST_KEY_UIApplicationSupportsIndirectInputEvents = YES;
				INFOPLIST_KEY_UILaunchStoryboardName = LaunchScreen;
				INFOPLIST_KEY_UIMainStoryboardFile = "";
				INFOPLIST_KEY_UISupportedInterfaceOrientations_iPad = "UIInterfaceOrientationPortrait UIInterfaceOrientationPortraitUpsideDown UIInterfaceOrientationLandscapeLeft UIInterfaceOrientationLandscapeRight";
				INFOPLIST_KEY_UISupportedInterfaceOrientations_iPhone = "UIInterfaceOrientationPortrait UIInterfaceOrientationLandscapeLeft UIInterfaceOrientationLandscapeRight";
				IPHONEOS_DEPLOYMENT_TARGET = 15.0;
				LD_RUNPATH_SEARCH_PATHS = (
					"$(inherited)",
					"@executable_path/Frameworks",
				);
				MARKETING_VERSION = 1.0;
				PRODUCT_BUNDLE_IDENTIFIER = parduh.Dogos;
				PRODUCT_NAME = "$(TARGET_NAME)";
				SWIFT_EMIT_LOC_STRINGS = YES;
				SWIFT_VERSION = 5.0;
				TARGETED_DEVICE_FAMILY = "1,2";
			};
			name = Release;
		};
/* End XCBuildConfiguration section */

/* Begin XCConfigurationList section */
		2092AD192AF0668B009C3B02 /* Build configuration list for PBXProject "Dogos" */ = {
			isa = XCConfigurationList;
			buildConfigurations = (
				2092AD302AF0668C009C3B02 /* Debug */,
				2092AD312AF0668C009C3B02 /* Release */,
			);
			defaultConfigurationIsVisible = 0;
			defaultConfigurationName = Release;
		};
		2092AD322AF0668C009C3B02 /* Build configuration list for PBXNativeTarget "Dogos" */ = {
			isa = XCConfigurationList;
			buildConfigurations = (
				2092AD332AF0668C009C3B02 /* Debug */,
				2092AD342AF0668C009C3B02 /* Release */,
			);
			defaultConfigurationIsVisible = 0;
			defaultConfigurationName = Release;
		};
/* End XCConfigurationList section */
	};
	rootObject = 2092AD162AF0668B009C3B02 /* Project object */;
}
